
Microsoft Visual Studio Solution File, Format Version 12.00
# Visual Studio Version 16
VisualStudioVersion = 16.0.30011.22
MinimumVisualStudioVersion = 10.0.40219.1
Project("{2150E333-8FDC-42A3-9474-1A3956D46DE8}") = "Solution Items", "Solution Items", "{857BC9A9-1213-4CD3-BC46-51BEA9ABC85F}"
	ProjectSection(SolutionItems) = preProject
		.editorconfig = .editorconfig
		.gitignore = .gitignore
	EndProjectSection
EndProject
Project("{FAE04EC0-301F-11D3-BF4B-00C04F79EFBC}") = "FluentExpressions.Core", "src\FluentExpressions.Core\FluentExpressions.Core.csproj", "{5704FA21-8F36-4CCB-96A1-AB427F941232}"
EndProject
Project("{FAE04EC0-301F-11D3-BF4B-00C04F79EFBC}") = "Tests.Core", "tests\Tests.Core\Tests.Core.csproj", "{D729FBBC-4BC7-4CA9-A8C8-C5B97CE1DA1B}"
EndProject
Global
	GlobalSection(SolutionConfigurationPlatforms) = preSolution
		Debug|Any CPU = Debug|Any CPU
		Release|Any CPU = Release|Any CPU
	EndGlobalSection
	GlobalSection(ProjectConfigurationPlatforms) = postSolution
		{5704FA21-8F36-4CCB-96A1-AB427F941232}.Debug|Any CPU.ActiveCfg = Debug|Any CPU
		{5704FA21-8F36-4CCB-96A1-AB427F941232}.Debug|Any CPU.Build.0 = Debug|Any CPU
		{5704FA21-8F36-4CCB-96A1-AB427F941232}.Release|Any CPU.ActiveCfg = Release|Any CPU
		{5704FA21-8F36-4CCB-96A1-AB427F941232}.Release|Any CPU.Build.0 = Release|Any CPU
		{D729FBBC-4BC7-4CA9-A8C8-C5B97CE1DA1B}.Debug|Any CPU.ActiveCfg = Debug|Any CPU
		{D729FBBC-4BC7-4CA9-A8C8-C5B97CE1DA1B}.Debug|Any CPU.Build.0 = Debug|Any CPU
		{D729FBBC-4BC7-4CA9-A8C8-C5B97CE1DA1B}.Release|Any CPU.ActiveCfg = Release|Any CPU
		{D729FBBC-4BC7-4CA9-A8C8-C5B97CE1DA1B}.Release|Any CPU.Build.0 = Release|Any CPU
	EndGlobalSection
	GlobalSection(SolutionProperties) = preSolution
		HideSolutionNode = FALSE
	EndGlobalSection
	GlobalSection(ExtensibilityGlobals) = postSolution
		SolutionGuid = {EAFF9FFC-8EA4-478E-8731-C2B7BC178D39}
	EndGlobalSection
EndGlobal
